
Microsoft Visual Studio Solution File, Format Version 12.00
# Visual Studio 14
VisualStudioVersion = 14.0.23107.0
MinimumVisualStudioVersion = 10.0.40219.1
Project("{8BC9CEB8-8B4A-11D0-8D11-00A0C91BC942}") = "akm", "akm\akm.vcxproj", "{E36BAE5B-FF00-459D-87CF-AA700C3F5571}"
EndProject
Project("{8BC9CEB8-8B4A-11D0-8D11-00A0C91BC942}") = "kmp", "kmp\kmp.vcxproj", "{630C6742-7637-4742-8116-EBF511370323}"
EndProject
Project("{8BC9CEB8-8B4A-11D0-8D11-00A0C91BC942}") = "rshift", "rshift\rshift.vcxproj", "{4E8E4D52-74B9-4DD8-A3E9-C010E6129B8F}"
EndProject
Project("{8BC9CEB8-8B4A-11D0-8D11-00A0C91BC942}") = "pretopost", "pretopost\pretopost.vcxproj", "{7E84E22C-50C4-4A69-BF0B-788C2B3E4520}"
EndProject
Project("{8BC9CEB8-8B4A-11D0-8D11-00A0C91BC942}") = "lcs", "lcs\lcs.vcxproj", "{5ED46181-2366-4143-8E99-1FC34B58A57B}"
EndProject
Project("{8BC9CEB8-8B4A-11D0-8D11-00A0C91BC942}") = "itvtree", "itvtree\itvtree.vcxproj", "{6D257DA5-184D-4799-85DF-DB16F3DC50F6}"
EndProject
Global
	GlobalSection(SolutionConfigurationPlatforms) = preSolution
		Debug|x64 = Debug|x64
		Debug|x86 = Debug|x86
		Release|x64 = Release|x64
		Release|x86 = Release|x86
	EndGlobalSection
	GlobalSection(ProjectConfigurationPlatforms) = postSolution
		{E36BAE5B-FF00-459D-87CF-AA700C3F5571}.Debug|x64.ActiveCfg = Debug|x64
		{E36BAE5B-FF00-459D-87CF-AA700C3F5571}.Debug|x64.Build.0 = Debug|x64
		{E36BAE5B-FF00-459D-87CF-AA700C3F5571}.Debug|x86.ActiveCfg = Debug|Win32
		{E36BAE5B-FF00-459D-87CF-AA700C3F5571}.Debug|x86.Build.0 = Debug|Win32
		{E36BAE5B-FF00-459D-87CF-AA700C3F5571}.Release|x64.ActiveCfg = Release|x64
		{E36BAE5B-FF00-459D-87CF-AA700C3F5571}.Release|x64.Build.0 = Release|x64
		{E36BAE5B-FF00-459D-87CF-AA700C3F5571}.Release|x86.ActiveCfg = Release|Win32
		{E36BAE5B-FF00-459D-87CF-AA700C3F5571}.Release|x86.Build.0 = Release|Win32
		{630C6742-7637-4742-8116-EBF511370323}.Debug|x64.ActiveCfg = Debug|x64
		{630C6742-7637-4742-8116-EBF511370323}.Debug|x64.Build.0 = Debug|x64
		{630C6742-7637-4742-8116-EBF511370323}.Debug|x86.ActiveCfg = Debug|Win32
		{630C6742-7637-4742-8116-EBF511370323}.Debug|x86.Build.0 = Debug|Win32
		{630C6742-7637-4742-8116-EBF511370323}.Release|x64.ActiveCfg = Release|x64
		{630C6742-7637-4742-8116-EBF511370323}.Release|x64.Build.0 = Release|x64
		{630C6742-7637-4742-8116-EBF511370323}.Release|x86.ActiveCfg = Release|Win32
		{630C6742-7637-4742-8116-EBF511370323}.Release|x86.Build.0 = Release|Win32
		{4E8E4D52-74B9-4DD8-A3E9-C010E6129B8F}.Debug|x64.ActiveCfg = Debug|x64
		{4E8E4D52-74B9-4DD8-A3E9-C010E6129B8F}.Debug|x64.Build.0 = Debug|x64
		{4E8E4D52-74B9-4DD8-A3E9-C010E6129B8F}.Debug|x86.ActiveCfg = Debug|Win32
		{4E8E4D52-74B9-4DD8-A3E9-C010E6129B8F}.Debug|x86.Build.0 = Debug|Win32
		{4E8E4D52-74B9-4DD8-A3E9-C010E6129B8F}.Release|x64.ActiveCfg = Release|x64
		{4E8E4D52-74B9-4DD8-A3E9-C010E6129B8F}.Release|x64.Build.0 = Release|x64
		{4E8E4D52-74B9-4DD8-A3E9-C010E6129B8F}.Release|x86.ActiveCfg = Release|Win32
		{4E8E4D52-74B9-4DD8-A3E9-C010E6129B8F}.Release|x86.Build.0 = Release|Win32
		{7E84E22C-50C4-4A69-BF0B-788C2B3E4520}.Debug|x64.ActiveCfg = Debug|x64
		{7E84E22C-50C4-4A69-BF0B-788C2B3E4520}.Debug|x64.Build.0 = Debug|x64
		{7E84E22C-50C4-4A69-BF0B-788C2B3E4520}.Debug|x86.ActiveCfg = Debug|Win32
		{7E84E22C-50C4-4A69-BF0B-788C2B3E4520}.Debug|x86.Build.0 = Debug|Win32
		{7E84E22C-50C4-4A69-BF0B-788C2B3E4520}.Release|x64.ActiveCfg = Release|x64
		{7E84E22C-50C4-4A69-BF0B-788C2B3E4520}.Release|x64.Build.0 = Release|x64
		{7E84E22C-50C4-4A69-BF0B-788C2B3E4520}.Release|x86.ActiveCfg = Release|Win32
		{7E84E22C-50C4-4A69-BF0B-788C2B3E4520}.Release|x86.Build.0 = Release|Win32
		{5ED46181-2366-4143-8E99-1FC34B58A57B}.Debug|x64.ActiveCfg = Debug|x64
		{5ED46181-2366-4143-8E99-1FC34B58A57B}.Debug|x64.Build.0 = Debug|x64
		{5ED46181-2366-4143-8E99-1FC34B58A57B}.Debug|x86.ActiveCfg = Debug|Win32
		{5ED46181-2366-4143-8E99-1FC34B58A57B}.Debug|x86.Build.0 = Debug|Win32
		{5ED46181-2366-4143-8E99-1FC34B58A57B}.Release|x64.ActiveCfg = Release|x64
		{5ED46181-2366-4143-8E99-1FC34B58A57B}.Release|x64.Build.0 = Release|x64
		{5ED46181-2366-4143-8E99-1FC34B58A57B}.Release|x86.ActiveCfg = Release|Win32
		{5ED46181-2366-4143-8E99-1FC34B58A57B}.Release|x86.Build.0 = Release|Win32
		{6D257DA5-184D-4799-85DF-DB16F3DC50F6}.Debug|x64.ActiveCfg = Debug|x64
		{6D257DA5-184D-4799-85DF-DB16F3DC50F6}.Debug|x64.Build.0 = Debug|x64
		{6D257DA5-184D-4799-85DF-DB16F3DC50F6}.Debug|x86.ActiveCfg = Debug|Win32
		{6D257DA5-184D-4799-85DF-DB16F3DC50F6}.Debug|x86.Build.0 = Debug|Win32
		{6D257DA5-184D-4799-85DF-DB16F3DC50F6}.Release|x64.ActiveCfg = Release|x64
		{6D257DA5-184D-4799-85DF-DB16F3DC50F6}.Release|x64.Build.0 = Release|x64
		{6D257DA5-184D-4799-85DF-DB16F3DC50F6}.Release|x86.ActiveCfg = Release|Win32
		{6D257DA5-184D-4799-85DF-DB16F3DC50F6}.Release|x86.Build.0 = Release|Win32
	EndGlobalSection
	GlobalSection(SolutionProperties) = preSolution
		HideSolutionNode = FALSE
	EndGlobalSection
EndGlobal
